
Microsoft Visual Studio Solution File, Format Version 12.00
# Visual Studio Version 17
VisualStudioVersion = 17.7.34031.279
MinimumVisualStudioVersion = 10.0.40219.1
Project("{8BC9CEB8-8B4A-11D0-8D11-00A0C91BC942}") = "Selection Sort", "Selection Sort.vcxproj", "{073BB40C-C5EC-48E9-A214-FA1A39D921B7}"
EndProject
Global
	GlobalSection(SolutionConfigurationPlatforms) = preSolution
		Debug|x64 = Debug|x64
		Debug|x86 = Debug|x86
		Release|x64 = Release|x64
		Release|x86 = Release|x86
	EndGlobalSection
	GlobalSection(ProjectConfigurationPlatforms) = postSolution
		{073BB40C-C5EC-48E9-A214-FA1A39D921B7}.Debug|x64.ActiveCfg = Debug|x64
		{073BB40C-C5EC-48E9-A214-FA1A39D921B7}.Debug|x64.Build.0 = Debug|x64
		{073BB40C-C5EC-48E9-A214-FA1A39D921B7}.Debug|x86.ActiveCfg = Debug|Win32
		{073BB40C-C5EC-48E9-A214-FA1A39D921B7}.Debug|x86.Build.0 = Debug|Win32
		{073BB40C-C5EC-48E9-A214-FA1A39D921B7}.Release|x64.ActiveCfg = Release|x64
		{073BB40C-C5EC-48E9-A214-FA1A39D921B7}.Release|x64.Build.0 = Release|x64
		{073BB40C-C5EC-48E9-A214-FA1A39D921B7}.Release|x86.ActiveCfg = Release|Win32
		{073BB40C-C5EC-48E9-A214-FA1A39D921B7}.Release|x86.Build.0 = Release|Win32
	EndGlobalSection
	GlobalSection(SolutionProperties) = preSolution
		HideSolutionNode = FALSE
	EndGlobalSection
	GlobalSection(ExtensibilityGlobals) = postSolution
		SolutionGuid = {8DDE1EB0-152B-402D-B6B0-331C7D3C6E9F}
	EndGlobalSection
EndGlobal
